
Microsoft Visual Studio Solution File, Format Version 12.00
Project("{FAE04EC0-301F-11D3-BF4B-00C04F79EFBC}") = "MeteoTrentoWeb", "MeteoTrentoWeb\MeteoTrentoWeb.csproj", "{595498EB-82B2-4218-B14B-B43612D032D1}"
EndProject
Project("{FAE04EC0-301F-11D3-BF4B-00C04F79EFBC}") = "MeteoTrentoWeb.Modelli", "MeteoTrentoWeb.Modelli\MeteoTrentoWeb.Modelli.csproj", "{71435EB4-4A2B-45CD-9899-F78B9AB97F3B}"
EndProject
Project("{FAE04EC0-301F-11D3-BF4B-00C04F79EFBC}") = "MeteoTrentoWeb.SOAP", "MeteoTrentoWeb.SOAP\MeteoTrentoWeb.SOAP.csproj", "{A629D85F-ABD6-43FD-A40D-F7359EDD0597}"
EndProject
Global
	GlobalSection(SolutionConfigurationPlatforms) = preSolution
		Debug|Any CPU = Debug|Any CPU
		Release|Any CPU = Release|Any CPU
	EndGlobalSection
	GlobalSection(ProjectConfigurationPlatforms) = postSolution
		{595498EB-82B2-4218-B14B-B43612D032D1}.Debug|Any CPU.ActiveCfg = Debug|Any CPU
		{595498EB-82B2-4218-B14B-B43612D032D1}.Debug|Any CPU.Build.0 = Debug|Any CPU
		{595498EB-82B2-4218-B14B-B43612D032D1}.Release|Any CPU.ActiveCfg = Release|Any CPU
		{595498EB-82B2-4218-B14B-B43612D032D1}.Release|Any CPU.Build.0 = Release|Any CPU
		{71435EB4-4A2B-45CD-9899-F78B9AB97F3B}.Debug|Any CPU.ActiveCfg = Debug|Any CPU
		{71435EB4-4A2B-45CD-9899-F78B9AB97F3B}.Debug|Any CPU.Build.0 = Debug|Any CPU
		{71435EB4-4A2B-45CD-9899-F78B9AB97F3B}.Release|Any CPU.ActiveCfg = Release|Any CPU
		{71435EB4-4A2B-45CD-9899-F78B9AB97F3B}.Release|Any CPU.Build.0 = Release|Any CPU
		{A629D85F-ABD6-43FD-A40D-F7359EDD0597}.Debug|Any CPU.ActiveCfg = Debug|Any CPU
		{A629D85F-ABD6-43FD-A40D-F7359EDD0597}.Debug|Any CPU.Build.0 = Debug|Any CPU
		{A629D85F-ABD6-43FD-A40D-F7359EDD0597}.Release|Any CPU.ActiveCfg = Release|Any CPU
		{A629D85F-ABD6-43FD-A40D-F7359EDD0597}.Release|Any CPU.Build.0 = Release|Any CPU
	EndGlobalSection
EndGlobal
